
Microsoft Visual Studio Solution File, Format Version 12.00
# Visual Studio Version 16
VisualStudioVersion = 16.0.30413.136
MinimumVisualStudioVersion = 10.0.40219.1
Project("{FAE04EC0-301F-11D3-BF4B-00C04F79EFBC}") = "DefiningClasses", "DefiningClasses\DefiningClasses.csproj", "{1BC8A8E8-72FB-4A8F-9504-5E26AD2FE50E}"
EndProject
Global
	GlobalSection(SolutionConfigurationPlatforms) = preSolution
		Debug|Any CPU = Debug|Any CPU
		Release|Any CPU = Release|Any CPU
	EndGlobalSection
	GlobalSection(ProjectConfigurationPlatforms) = postSolution
		{1BC8A8E8-72FB-4A8F-9504-5E26AD2FE50E}.Debug|Any CPU.ActiveCfg = Debug|Any CPU
		{1BC8A8E8-72FB-4A8F-9504-5E26AD2FE50E}.Debug|Any CPU.Build.0 = Debug|Any CPU
		{1BC8A8E8-72FB-4A8F-9504-5E26AD2FE50E}.Release|Any CPU.ActiveCfg = Release|Any CPU
		{1BC8A8E8-72FB-4A8F-9504-5E26AD2FE50E}.Release|Any CPU.Build.0 = Release|Any CPU
	EndGlobalSection
	GlobalSection(SolutionProperties) = preSolution
		HideSolutionNode = FALSE
	EndGlobalSection
	GlobalSection(ExtensibilityGlobals) = postSolution
		SolutionGuid = {8A73F7E5-DB64-438F-A84E-EFB291FD7F7B}
	EndGlobalSection
EndGlobal
