
Microsoft Visual Studio Solution File, Format Version 12.00
# Visual Studio Version 16
VisualStudioVersion = 16.0.31229.75
MinimumVisualStudioVersion = 10.0.40219.1
Project("{FAE04EC0-301F-11D3-BF4B-00C04F79EFBC}") = "01_Chronometer", "01_Chronometer\01_Chronometer.csproj", "{5B690F8F-314A-4FCC-9319-C955712775FF}"
EndProject
Global
	GlobalSection(SolutionConfigurationPlatforms) = preSolution
		Debug|Any CPU = Debug|Any CPU
		Release|Any CPU = Release|Any CPU
	EndGlobalSection
	GlobalSection(ProjectConfigurationPlatforms) = postSolution
		{5B690F8F-314A-4FCC-9319-C955712775FF}.Debug|Any CPU.ActiveCfg = Debug|Any CPU
		{5B690F8F-314A-4FCC-9319-C955712775FF}.Debug|Any CPU.Build.0 = Debug|Any CPU
		{5B690F8F-314A-4FCC-9319-C955712775FF}.Release|Any CPU.ActiveCfg = Release|Any CPU
		{5B690F8F-314A-4FCC-9319-C955712775FF}.Release|Any CPU.Build.0 = Release|Any CPU
	EndGlobalSection
	GlobalSection(SolutionProperties) = preSolution
		HideSolutionNode = FALSE
	EndGlobalSection
	GlobalSection(ExtensibilityGlobals) = postSolution
		SolutionGuid = {EB44E4DD-59EF-4E0A-959F-4E1BEE87D510}
	EndGlobalSection
EndGlobal
