
Microsoft Visual Studio Solution File, Format Version 12.00
# Visual Studio Version 16
VisualStudioVersion = 16.0.30330.147
MinimumVisualStudioVersion = 10.0.40219.1
Project("{FAE04EC0-301F-11D3-BF4B-00C04F79EFBC}") = "1. Odd Lines", "1. Odd Lines\1. Odd Lines.csproj", "{A039A3E8-4BFB-4639-8B90-A26E16185D73}"
EndProject
Project("{FAE04EC0-301F-11D3-BF4B-00C04F79EFBC}") = "Try", "Try\Try.csproj", "{1B1034D8-78E0-401D-91AD-B4408B1D7707}"
EndProject
Global
	GlobalSection(SolutionConfigurationPlatforms) = preSolution
		Debug|Any CPU = Debug|Any CPU
		Release|Any CPU = Release|Any CPU
	EndGlobalSection
	GlobalSection(ProjectConfigurationPlatforms) = postSolution
		{A039A3E8-4BFB-4639-8B90-A26E16185D73}.Debug|Any CPU.ActiveCfg = Debug|Any CPU
		{A039A3E8-4BFB-4639-8B90-A26E16185D73}.Debug|Any CPU.Build.0 = Debug|Any CPU
		{A039A3E8-4BFB-4639-8B90-A26E16185D73}.Release|Any CPU.ActiveCfg = Release|Any CPU
		{A039A3E8-4BFB-4639-8B90-A26E16185D73}.Release|Any CPU.Build.0 = Release|Any CPU
		{1B1034D8-78E0-401D-91AD-B4408B1D7707}.Debug|Any CPU.ActiveCfg = Debug|Any CPU
		{1B1034D8-78E0-401D-91AD-B4408B1D7707}.Debug|Any CPU.Build.0 = Debug|Any CPU
		{1B1034D8-78E0-401D-91AD-B4408B1D7707}.Release|Any CPU.ActiveCfg = Release|Any CPU
		{1B1034D8-78E0-401D-91AD-B4408B1D7707}.Release|Any CPU.Build.0 = Release|Any CPU
	EndGlobalSection
	GlobalSection(SolutionProperties) = preSolution
		HideSolutionNode = FALSE
	EndGlobalSection
	GlobalSection(ExtensibilityGlobals) = postSolution
		SolutionGuid = {FB692819-300B-4BAC-8E2F-8986727E0FF6}
	EndGlobalSection
EndGlobal
