
Microsoft Visual Studio Solution File, Format Version 12.00
# Visual Studio Version 16
VisualStudioVersion = 16.0.30804.86
MinimumVisualStudioVersion = 10.0.40219.1
Project("{FAE04EC0-301F-11D3-BF4B-00C04F79EFBC}") = "P01_HospitalDatabase", "P01_HospitalDatabase\P01_HospitalDatabase.csproj", "{F00860F0-C06D-462B-97CB-5767C427F57C}"
EndProject
Global
	GlobalSection(SolutionConfigurationPlatforms) = preSolution
		Debug|Any CPU = Debug|Any CPU
		Release|Any CPU = Release|Any CPU
	EndGlobalSection
	GlobalSection(ProjectConfigurationPlatforms) = postSolution
		{F00860F0-C06D-462B-97CB-5767C427F57C}.Debug|Any CPU.ActiveCfg = Debug|Any CPU
		{F00860F0-C06D-462B-97CB-5767C427F57C}.Debug|Any CPU.Build.0 = Debug|Any CPU
		{F00860F0-C06D-462B-97CB-5767C427F57C}.Release|Any CPU.ActiveCfg = Release|Any CPU
		{F00860F0-C06D-462B-97CB-5767C427F57C}.Release|Any CPU.Build.0 = Release|Any CPU
	EndGlobalSection
	GlobalSection(SolutionProperties) = preSolution
		HideSolutionNode = FALSE
	EndGlobalSection
	GlobalSection(ExtensibilityGlobals) = postSolution
		SolutionGuid = {7C25A59F-5230-4573-B213-33F6FFD914D2}
	EndGlobalSection
EndGlobal
