
Microsoft Visual Studio Solution File, Format Version 12.00
# Visual Studio Version 16
VisualStudioVersion = 16.0.30413.136
MinimumVisualStudioVersion = 10.0.40219.1
Project("{FAE04EC0-301F-11D3-BF4B-00C04F79EFBC}") = "01. Action Point", "01. Action Point\01. Action Point.csproj", "{DD7197A8-ABC0-46DF-BCA3-F1FD845F9F62}"
EndProject
Project("{FAE04EC0-301F-11D3-BF4B-00C04F79EFBC}") = "02. Knights of Honor", "02. Knights of Honor\02. Knights of Honor.csproj", "{D1F64D35-A532-47D5-8CFC-83D8FD3298D4}"
EndProject
Project("{FAE04EC0-301F-11D3-BF4B-00C04F79EFBC}") = "03. Custom Min Function", "03. Custom Min Function\03. Custom Min Function.csproj", "{E2F37B20-944D-434E-8159-BB8DC008ED97}"
EndProject
Project("{FAE04EC0-301F-11D3-BF4B-00C04F79EFBC}") = "04. Find Evens or Odds", "04. Find Evens or Odds\04. Find Evens or Odds.csproj", "{FA5ED983-E57F-4602-B92A-F510A7A08C97}"
EndProject
Project("{FAE04EC0-301F-11D3-BF4B-00C04F79EFBC}") = "05. Applied Arithmetics", "05. Applied Arithmetics\05. Applied Arithmetics.csproj", "{7EF71258-556A-4174-85E7-0106F090D4AE}"
EndProject
Project("{FAE04EC0-301F-11D3-BF4B-00C04F79EFBC}") = "06. Reverse And Exclude", "06. Reverse And Exclude\06. Reverse And Exclude.csproj", "{40093018-6FA7-4773-B3E1-19F937FD667D}"
EndProject
Project("{FAE04EC0-301F-11D3-BF4B-00C04F79EFBC}") = "07. Predicate For Names", "07. Predicate For Names\07. Predicate For Names.csproj", "{78E2ECF7-72F4-401A-A330-29312A0C738B}"
EndProject
Project("{FAE04EC0-301F-11D3-BF4B-00C04F79EFBC}") = "09. List Of Predicates", "09. List Of Predicates\09. List Of Predicates.csproj", "{A65CDC05-B5FB-4357-B531-9DCC331220A4}"
EndProject
Project("{FAE04EC0-301F-11D3-BF4B-00C04F79EFBC}") = "10. Predicate Party!", "10. Predicate Party!\10. Predicate Party!.csproj", "{AB79C440-56B9-476F-BA44-9FFD79BA2E83}"
EndProject
Project("{FAE04EC0-301F-11D3-BF4B-00C04F79EFBC}") = "11. The Party Reservation Filter Module", "11. The Party Reservation Filter Module\11. The Party Reservation Filter Module.csproj", "{9434340D-3CBA-4CD6-935C-9A2837F08588}"
EndProject
Global
	GlobalSection(SolutionConfigurationPlatforms) = preSolution
		Debug|Any CPU = Debug|Any CPU
		Release|Any CPU = Release|Any CPU
	EndGlobalSection
	GlobalSection(ProjectConfigurationPlatforms) = postSolution
		{DD7197A8-ABC0-46DF-BCA3-F1FD845F9F62}.Debug|Any CPU.ActiveCfg = Debug|Any CPU
		{DD7197A8-ABC0-46DF-BCA3-F1FD845F9F62}.Debug|Any CPU.Build.0 = Debug|Any CPU
		{DD7197A8-ABC0-46DF-BCA3-F1FD845F9F62}.Release|Any CPU.ActiveCfg = Release|Any CPU
		{DD7197A8-ABC0-46DF-BCA3-F1FD845F9F62}.Release|Any CPU.Build.0 = Release|Any CPU
		{D1F64D35-A532-47D5-8CFC-83D8FD3298D4}.Debug|Any CPU.ActiveCfg = Debug|Any CPU
		{D1F64D35-A532-47D5-8CFC-83D8FD3298D4}.Debug|Any CPU.Build.0 = Debug|Any CPU
		{D1F64D35-A532-47D5-8CFC-83D8FD3298D4}.Release|Any CPU.ActiveCfg = Release|Any CPU
		{D1F64D35-A532-47D5-8CFC-83D8FD3298D4}.Release|Any CPU.Build.0 = Release|Any CPU
		{E2F37B20-944D-434E-8159-BB8DC008ED97}.Debug|Any CPU.ActiveCfg = Debug|Any CPU
		{E2F37B20-944D-434E-8159-BB8DC008ED97}.Debug|Any CPU.Build.0 = Debug|Any CPU
		{E2F37B20-944D-434E-8159-BB8DC008ED97}.Release|Any CPU.ActiveCfg = Release|Any CPU
		{E2F37B20-944D-434E-8159-BB8DC008ED97}.Release|Any CPU.Build.0 = Release|Any CPU
		{FA5ED983-E57F-4602-B92A-F510A7A08C97}.Debug|Any CPU.ActiveCfg = Debug|Any CPU
		{FA5ED983-E57F-4602-B92A-F510A7A08C97}.Debug|Any CPU.Build.0 = Debug|Any CPU
		{FA5ED983-E57F-4602-B92A-F510A7A08C97}.Release|Any CPU.ActiveCfg = Release|Any CPU
		{FA5ED983-E57F-4602-B92A-F510A7A08C97}.Release|Any CPU.Build.0 = Release|Any CPU
		{7EF71258-556A-4174-85E7-0106F090D4AE}.Debug|Any CPU.ActiveCfg = Debug|Any CPU
		{7EF71258-556A-4174-85E7-0106F090D4AE}.Debug|Any CPU.Build.0 = Debug|Any CPU
		{7EF71258-556A-4174-85E7-0106F090D4AE}.Release|Any CPU.ActiveCfg = Release|Any CPU
		{7EF71258-556A-4174-85E7-0106F090D4AE}.Release|Any CPU.Build.0 = Release|Any CPU
		{40093018-6FA7-4773-B3E1-19F937FD667D}.Debug|Any CPU.ActiveCfg = Debug|Any CPU
		{40093018-6FA7-4773-B3E1-19F937FD667D}.Debug|Any CPU.Build.0 = Debug|Any CPU
		{40093018-6FA7-4773-B3E1-19F937FD667D}.Release|Any CPU.ActiveCfg = Release|Any CPU
		{40093018-6FA7-4773-B3E1-19F937FD667D}.Release|Any CPU.Build.0 = Release|Any CPU
		{78E2ECF7-72F4-401A-A330-29312A0C738B}.Debug|Any CPU.ActiveCfg = Debug|Any CPU
		{78E2ECF7-72F4-401A-A330-29312A0C738B}.Debug|Any CPU.Build.0 = Debug|Any CPU
		{78E2ECF7-72F4-401A-A330-29312A0C738B}.Release|Any CPU.ActiveCfg = Release|Any CPU
		{78E2ECF7-72F4-401A-A330-29312A0C738B}.Release|Any CPU.Build.0 = Release|Any CPU
		{A65CDC05-B5FB-4357-B531-9DCC331220A4}.Debug|Any CPU.ActiveCfg = Debug|Any CPU
		{A65CDC05-B5FB-4357-B531-9DCC331220A4}.Debug|Any CPU.Build.0 = Debug|Any CPU
		{A65CDC05-B5FB-4357-B531-9DCC331220A4}.Release|Any CPU.ActiveCfg = Release|Any CPU
		{A65CDC05-B5FB-4357-B531-9DCC331220A4}.Release|Any CPU.Build.0 = Release|Any CPU
		{AB79C440-56B9-476F-BA44-9FFD79BA2E83}.Debug|Any CPU.ActiveCfg = Debug|Any CPU
		{AB79C440-56B9-476F-BA44-9FFD79BA2E83}.Debug|Any CPU.Build.0 = Debug|Any CPU
		{AB79C440-56B9-476F-BA44-9FFD79BA2E83}.Release|Any CPU.ActiveCfg = Release|Any CPU
		{AB79C440-56B9-476F-BA44-9FFD79BA2E83}.Release|Any CPU.Build.0 = Release|Any CPU
		{9434340D-3CBA-4CD6-935C-9A2837F08588}.Debug|Any CPU.ActiveCfg = Debug|Any CPU
		{9434340D-3CBA-4CD6-935C-9A2837F08588}.Debug|Any CPU.Build.0 = Debug|Any CPU
		{9434340D-3CBA-4CD6-935C-9A2837F08588}.Release|Any CPU.ActiveCfg = Release|Any CPU
		{9434340D-3CBA-4CD6-935C-9A2837F08588}.Release|Any CPU.Build.0 = Release|Any CPU
	EndGlobalSection
	GlobalSection(SolutionProperties) = preSolution
		HideSolutionNode = FALSE
	EndGlobalSection
	GlobalSection(ExtensibilityGlobals) = postSolution
		SolutionGuid = {E34CED50-039D-4F88-8296-388EF17CAA57}
	EndGlobalSection
EndGlobal
