
Microsoft Visual Studio Solution File, Format Version 12.00
# Visual Studio Version 16
VisualStudioVersion = 16.0.30413.136
MinimumVisualStudioVersion = 10.0.40219.1
Project("{FAE04EC0-301F-11D3-BF4B-00C04F79EFBC}") = "DefiningClasses", "DefiningClasses\DefiningClasses.csproj", "{0904E84D-9C78-4A2A-94AD-506B4A26CFE3}"
EndProject
Global
	GlobalSection(SolutionConfigurationPlatforms) = preSolution
		Debug|Any CPU = Debug|Any CPU
		Release|Any CPU = Release|Any CPU
	EndGlobalSection
	GlobalSection(ProjectConfigurationPlatforms) = postSolution
		{0904E84D-9C78-4A2A-94AD-506B4A26CFE3}.Debug|Any CPU.ActiveCfg = Debug|Any CPU
		{0904E84D-9C78-4A2A-94AD-506B4A26CFE3}.Debug|Any CPU.Build.0 = Debug|Any CPU
		{0904E84D-9C78-4A2A-94AD-506B4A26CFE3}.Release|Any CPU.ActiveCfg = Release|Any CPU
		{0904E84D-9C78-4A2A-94AD-506B4A26CFE3}.Release|Any CPU.Build.0 = Release|Any CPU
	EndGlobalSection
	GlobalSection(SolutionProperties) = preSolution
		HideSolutionNode = FALSE
	EndGlobalSection
	GlobalSection(ExtensibilityGlobals) = postSolution
		SolutionGuid = {F1733EED-41EF-4AE3-850D-3238C5500074}
	EndGlobalSection
EndGlobal
