
Microsoft Visual Studio Solution File, Format Version 12.00
# Visual Studio Version 16
VisualStudioVersion = 16.0.30330.147
MinimumVisualStudioVersion = 10.0.40219.1
Project("{FAE04EC0-301F-11D3-BF4B-00C04F79EFBC}") = "1. Car", "1. Car\1. Car.csproj", "{CAC8F907-F296-4E91-9F78-340C970C5375}"
EndProject
Global
	GlobalSection(SolutionConfigurationPlatforms) = preSolution
		Debug|Any CPU = Debug|Any CPU
		Release|Any CPU = Release|Any CPU
	EndGlobalSection
	GlobalSection(ProjectConfigurationPlatforms) = postSolution
		{CAC8F907-F296-4E91-9F78-340C970C5375}.Debug|Any CPU.ActiveCfg = Debug|Any CPU
		{CAC8F907-F296-4E91-9F78-340C970C5375}.Debug|Any CPU.Build.0 = Debug|Any CPU
		{CAC8F907-F296-4E91-9F78-340C970C5375}.Release|Any CPU.ActiveCfg = Release|Any CPU
		{CAC8F907-F296-4E91-9F78-340C970C5375}.Release|Any CPU.Build.0 = Release|Any CPU
	EndGlobalSection
	GlobalSection(SolutionProperties) = preSolution
		HideSolutionNode = FALSE
	EndGlobalSection
	GlobalSection(ExtensibilityGlobals) = postSolution
		SolutionGuid = {7A25FE87-EF2F-4019-8E0E-97DA2B436EBF}
	EndGlobalSection
EndGlobal
